
Microsoft Visual Studio Solution File, Format Version 12.00
# Visual Studio Version 17
VisualStudioVersion = 17.4.33403.182
MinimumVisualStudioVersion = 10.0.40219.1
Project("{FAE04EC0-301F-11D3-BF4B-00C04F79EFBC}") = "SearOrSchmear.Web", "SearOrSchmear.Web\SearOrSchmear.Web.csproj", "{AA74C308-AD7B-4DDA-8ED3-19E28477F051}"
EndProject
Project("{FAE04EC0-301F-11D3-BF4B-00C04F79EFBC}") = "SearOrSchmear.Functions.Reddit", "SearOrSchmear.Functions.Reddit\SearOrSchmear.Functions.Reddit.csproj", "{18BD6BA7-4D22-43EF-A946-A662B8DDDD29}"
EndProject
Project("{FAE04EC0-301F-11D3-BF4B-00C04F79EFBC}") = "SearOrSchmear.Common", "SearOrSchmear.Common\SearOrSchmear.Common.csproj", "{78567974-AA36-4EA4-A66B-8169A261DE4C}"
EndProject
Project("{FAE04EC0-301F-11D3-BF4B-00C04F79EFBC}") = "SearOrSchmear.Functions.ComputerVision", "SearOrSchmear.Functions.ComputerVision\SearOrSchmear.Functions.ComputerVision.csproj", "{0B043239-8C0F-40E8-A728-1A17F1824E6B}"
EndProject
Global
	GlobalSection(SolutionConfigurationPlatforms) = preSolution
		Debug|Any CPU = Debug|Any CPU
		Release|Any CPU = Release|Any CPU
	EndGlobalSection
	GlobalSection(ProjectConfigurationPlatforms) = postSolution
		{AA74C308-AD7B-4DDA-8ED3-19E28477F051}.Debug|Any CPU.ActiveCfg = Debug|Any CPU
		{AA74C308-AD7B-4DDA-8ED3-19E28477F051}.Debug|Any CPU.Build.0 = Debug|Any CPU
		{AA74C308-AD7B-4DDA-8ED3-19E28477F051}.Release|Any CPU.ActiveCfg = Release|Any CPU
		{AA74C308-AD7B-4DDA-8ED3-19E28477F051}.Release|Any CPU.Build.0 = Release|Any CPU
		{18BD6BA7-4D22-43EF-A946-A662B8DDDD29}.Debug|Any CPU.ActiveCfg = Debug|Any CPU
		{18BD6BA7-4D22-43EF-A946-A662B8DDDD29}.Debug|Any CPU.Build.0 = Debug|Any CPU
		{18BD6BA7-4D22-43EF-A946-A662B8DDDD29}.Release|Any CPU.ActiveCfg = Release|Any CPU
		{18BD6BA7-4D22-43EF-A946-A662B8DDDD29}.Release|Any CPU.Build.0 = Release|Any CPU
		{78567974-AA36-4EA4-A66B-8169A261DE4C}.Debug|Any CPU.ActiveCfg = Debug|Any CPU
		{78567974-AA36-4EA4-A66B-8169A261DE4C}.Debug|Any CPU.Build.0 = Debug|Any CPU
		{78567974-AA36-4EA4-A66B-8169A261DE4C}.Release|Any CPU.ActiveCfg = Release|Any CPU
		{78567974-AA36-4EA4-A66B-8169A261DE4C}.Release|Any CPU.Build.0 = Release|Any CPU
		{0B043239-8C0F-40E8-A728-1A17F1824E6B}.Debug|Any CPU.ActiveCfg = Debug|Any CPU
		{0B043239-8C0F-40E8-A728-1A17F1824E6B}.Debug|Any CPU.Build.0 = Debug|Any CPU
		{0B043239-8C0F-40E8-A728-1A17F1824E6B}.Release|Any CPU.ActiveCfg = Release|Any CPU
		{0B043239-8C0F-40E8-A728-1A17F1824E6B}.Release|Any CPU.Build.0 = Release|Any CPU
	EndGlobalSection
	GlobalSection(SolutionProperties) = preSolution
		HideSolutionNode = FALSE
	EndGlobalSection
	GlobalSection(ExtensibilityGlobals) = postSolution
		SolutionGuid = {99B7B82B-F98E-4D1E-85B8-BF14AC585796}
	EndGlobalSection
EndGlobal
