
Microsoft Visual Studio Solution File, Format Version 12.00
# Visual Studio Version 17
VisualStudioVersion = 17.4.33403.182
MinimumVisualStudioVersion = 10.0.40219.1
Project("{FAE04EC0-301F-11D3-BF4B-00C04F79EFBC}") = "ComputerVisionTrainer", "ComputerVisionTrainer\ComputerVisionTrainer.csproj", "{8CFF2391-6FC9-4C86-A0CD-F89E3EA70ADF}"
EndProject
Project("{FAE04EC0-301F-11D3-BF4B-00C04F79EFBC}") = "PostScraper", "PostScraper\PostScraper.csproj", "{0EB52235-0DD5-4F00-9B63-A0047CE96078}"
EndProject
Project("{FAE04EC0-301F-11D3-BF4B-00C04F79EFBC}") = "ResultsHandler", "ResultsHandler\ResultsHandler.csproj", "{47189B91-D43D-419C-884D-4FBB70E67109}"
EndProject
Project("{FAE04EC0-301F-11D3-BF4B-00C04F79EFBC}") = "SearOrSchmear.Web", "SearOrSchmear.Web\SearOrSchmear.Web.csproj", "{AA74C308-AD7B-4DDA-8ED3-19E28477F051}"
EndProject
Global
	GlobalSection(SolutionConfigurationPlatforms) = preSolution
		Debug|Any CPU = Debug|Any CPU
		Release|Any CPU = Release|Any CPU
	EndGlobalSection
	GlobalSection(ProjectConfigurationPlatforms) = postSolution
		{8CFF2391-6FC9-4C86-A0CD-F89E3EA70ADF}.Debug|Any CPU.ActiveCfg = Debug|Any CPU
		{8CFF2391-6FC9-4C86-A0CD-F89E3EA70ADF}.Debug|Any CPU.Build.0 = Debug|Any CPU
		{8CFF2391-6FC9-4C86-A0CD-F89E3EA70ADF}.Release|Any CPU.ActiveCfg = Release|Any CPU
		{8CFF2391-6FC9-4C86-A0CD-F89E3EA70ADF}.Release|Any CPU.Build.0 = Release|Any CPU
		{0EB52235-0DD5-4F00-9B63-A0047CE96078}.Debug|Any CPU.ActiveCfg = Debug|Any CPU
		{0EB52235-0DD5-4F00-9B63-A0047CE96078}.Debug|Any CPU.Build.0 = Debug|Any CPU
		{0EB52235-0DD5-4F00-9B63-A0047CE96078}.Release|Any CPU.ActiveCfg = Release|Any CPU
		{0EB52235-0DD5-4F00-9B63-A0047CE96078}.Release|Any CPU.Build.0 = Release|Any CPU
		{47189B91-D43D-419C-884D-4FBB70E67109}.Debug|Any CPU.ActiveCfg = Debug|Any CPU
		{47189B91-D43D-419C-884D-4FBB70E67109}.Debug|Any CPU.Build.0 = Debug|Any CPU
		{47189B91-D43D-419C-884D-4FBB70E67109}.Release|Any CPU.ActiveCfg = Release|Any CPU
		{47189B91-D43D-419C-884D-4FBB70E67109}.Release|Any CPU.Build.0 = Release|Any CPU
		{AA74C308-AD7B-4DDA-8ED3-19E28477F051}.Debug|Any CPU.ActiveCfg = Debug|Any CPU
		{AA74C308-AD7B-4DDA-8ED3-19E28477F051}.Debug|Any CPU.Build.0 = Debug|Any CPU
		{AA74C308-AD7B-4DDA-8ED3-19E28477F051}.Release|Any CPU.ActiveCfg = Release|Any CPU
		{AA74C308-AD7B-4DDA-8ED3-19E28477F051}.Release|Any CPU.Build.0 = Release|Any CPU
	EndGlobalSection
	GlobalSection(SolutionProperties) = preSolution
		HideSolutionNode = FALSE
	EndGlobalSection
	GlobalSection(ExtensibilityGlobals) = postSolution
		SolutionGuid = {99B7B82B-F98E-4D1E-85B8-BF14AC585796}
	EndGlobalSection
EndGlobal
